
Microsoft Visual Studio Solution File, Format Version 12.00
# Visual Studio Version 17
VisualStudioVersion = 17.4.33122.133
MinimumVisualStudioVersion = 10.0.40219.1
Project("{8BC9CEB8-8B4A-11D0-8D11-00A0C91BC942}") = "OOP_Text_ShootingGame", "OOP_Text_ShootingGame\OOP_Text_ShootingGame.vcxproj", "{0C7F9279-53C6-421C-86C6-D40C78C17928}"
EndProject
Global
	GlobalSection(SolutionConfigurationPlatforms) = preSolution
		Debug|x64 = Debug|x64
		Debug|x86 = Debug|x86
		Release|x64 = Release|x64
		Release|x86 = Release|x86
	EndGlobalSection
	GlobalSection(ProjectConfigurationPlatforms) = postSolution
		{0C7F9279-53C6-421C-86C6-D40C78C17928}.Debug|x64.ActiveCfg = Debug|x64
		{0C7F9279-53C6-421C-86C6-D40C78C17928}.Debug|x64.Build.0 = Debug|x64
		{0C7F9279-53C6-421C-86C6-D40C78C17928}.Debug|x86.ActiveCfg = Debug|Win32
		{0C7F9279-53C6-421C-86C6-D40C78C17928}.Debug|x86.Build.0 = Debug|Win32
		{0C7F9279-53C6-421C-86C6-D40C78C17928}.Release|x64.ActiveCfg = Release|x64
		{0C7F9279-53C6-421C-86C6-D40C78C17928}.Release|x64.Build.0 = Release|x64
		{0C7F9279-53C6-421C-86C6-D40C78C17928}.Release|x86.ActiveCfg = Release|Win32
		{0C7F9279-53C6-421C-86C6-D40C78C17928}.Release|x86.Build.0 = Release|Win32
	EndGlobalSection
	GlobalSection(SolutionProperties) = preSolution
		HideSolutionNode = FALSE
	EndGlobalSection
	GlobalSection(ExtensibilityGlobals) = postSolution
		SolutionGuid = {DF8672B6-F86D-4917-9FF2-9CDF87A44663}
	EndGlobalSection
EndGlobal
