<?xml version="1.0" encoding="utf-8"?>
<Project ToolsVersion="4.0" xmlns="http://schemas.microsoft.com/developer/msbuild/2003">
  <ItemGroup>
    <Filter Include="1.Engine">
      <UniqueIdentifier>{e0876941-da80-444f-9ddf-7e40c4761574}</UniqueIdentifier>
    </Filter>
    <Filter Include="5. Main">
      <UniqueIdentifier>{4FC737F1-C7A5-4376-A066-2A32D752A2FF}</UniqueIdentifier>
      <Extensions>cpp;c;cc;cxx;c++;cppm;ixx;def;odl;idl;hpj;bat;asm;asmx</Extensions>
    </Filter>
    <Filter Include="6. Resource Files">
      <UniqueIdentifier>{67DA6AB6-F800-4c08-8B7A-83BB121AAD01}</UniqueIdentifier>
      <Extensions>rc;ico;cur;bmp;dlg;rc2;rct;bin;rgs;gif;jpg;jpeg;jpe;resx;tiff;tif;png;wav;mfcribbon-ms</Extensions>
    </Filter>
    <Filter Include="0. Container">
      <UniqueIdentifier>{84dfaeb9-1606-4388-a9fc-894a3a98800a}</UniqueIdentifier>
    </Filter>
    <Filter Include="3. ShootingGame">
      <UniqueIdentifier>{e9f98a67-5a37-46f2-a916-71e761f26bbe}</UniqueIdentifier>
    </Filter>
    <Filter Include="2. Resource">
      <UniqueIdentifier>{be70288a-fb13-4570-ad5a-2db2b41ef6d7}</UniqueIdentifier>
    </Filter>
  </ItemGroup>
  <ItemGroup>
    <ClCompile Include="source\Engine\GameBase.cpp">
      <Filter>1.Engine</Filter>
    </ClCompile>
    <ClCompile Include="source\Engine\GlobalObjectManager.cpp">
      <Filter>1.Engine</Filter>
    </ClCompile>
    <ClCompile Include="source\Engine\Input.cpp">
      <Filter>1.Engine</Filter>
    </ClCompile>
    <ClCompile Include="source\Engine\ObjectBase.cpp">
      <Filter>1.Engine</Filter>
    </ClCompile>
    <ClCompile Include="source\Engine\Renderer.cpp">
      <Filter>1.Engine</Filter>
    </ClCompile>
    <ClCompile Include="source\Engine\SceneBase.cpp">
      <Filter>1.Engine</Filter>
    </ClCompile>
    <ClCompile Include="source\Engine\SceneManager.cpp">
      <Filter>1.Engine</Filter>
    </ClCompile>
    <ClCompile Include="source\Engine\Sprite.cpp">
      <Filter>1.Engine</Filter>
    </ClCompile>
    <ClCompile Include="source\Game\ObjectTitle.cpp">
      <Filter>3. ShootingGame</Filter>
    </ClCompile>
    <ClCompile Include="source\Game\Player.cpp">
      <Filter>3. ShootingGame</Filter>
    </ClCompile>
    <ClCompile Include="source\Game\SceneGame.cpp">
      <Filter>3. ShootingGame</Filter>
    </ClCompile>
    <ClCompile Include="source\Game\SceneTitle.cpp">
      <Filter>3. ShootingGame</Filter>
    </ClCompile>
    <ClCompile Include="source\Game\ShootingGame.cpp">
      <Filter>3. ShootingGame</Filter>
    </ClCompile>
    <ClCompile Include="source\Stage.cpp">
      <Filter>2. Resource</Filter>
    </ClCompile>
    <ClCompile Include="source\PatternParser.cpp">
      <Filter>2. Resource</Filter>
    </ClCompile>
    <ClCompile Include="source\ResourceLoader.cpp">
      <Filter>2. Resource</Filter>
    </ClCompile>
    <ClCompile Include="source\ResourceManager.cpp">
      <Filter>2. Resource</Filter>
    </ClCompile>
    <ClCompile Include="source\StageParser.cpp">
      <Filter>2. Resource</Filter>
    </ClCompile>
    <ClCompile Include="source\main.cpp">
      <Filter>5. Main</Filter>
    </ClCompile>
    <ClCompile Include="source\stdafx.cpp">
      <Filter>5. Main</Filter>
    </ClCompile>
  </ItemGroup>
  <ItemGroup>
    <ClInclude Include="source\Engine\GameBase.h">
      <Filter>1.Engine</Filter>
    </ClInclude>
    <ClInclude Include="source\Engine\GlobalObjectManager.h">
      <Filter>1.Engine</Filter>
    </ClInclude>
    <ClInclude Include="source\Engine\Input.h">
      <Filter>1.Engine</Filter>
    </ClInclude>
    <ClInclude Include="source\Engine\ObjectBase.h">
      <Filter>1.Engine</Filter>
    </ClInclude>
    <ClInclude Include="source\Engine\ObjectList.h">
      <Filter>1.Engine</Filter>
    </ClInclude>
    <ClInclude Include="source\Engine\Renderer.h">
      <Filter>1.Engine</Filter>
    </ClInclude>
    <ClInclude Include="source\Engine\SceneBase.h">
      <Filter>1.Engine</Filter>
    </ClInclude>
    <ClInclude Include="source\Engine\SceneManager.h">
      <Filter>1.Engine</Filter>
    </ClInclude>
    <ClInclude Include="source\Engine\Sprite.h">
      <Filter>1.Engine</Filter>
    </ClInclude>
    <ClInclude Include="source\Container\list.h">
      <Filter>0. Container</Filter>
    </ClInclude>
    <ClInclude Include="source\Game\GameDefine.h">
      <Filter>3. ShootingGame</Filter>
    </ClInclude>
    <ClInclude Include="source\Game\ObjectTitle.h">
      <Filter>3. ShootingGame</Filter>
    </ClInclude>
    <ClInclude Include="source\Game\ObjectType.h">
      <Filter>3. ShootingGame</Filter>
    </ClInclude>
    <ClInclude Include="source\Game\Player.h">
      <Filter>3. ShootingGame</Filter>
    </ClInclude>
    <ClInclude Include="source\Game\SceneGame.h">
      <Filter>3. ShootingGame</Filter>
    </ClInclude>
    <ClInclude Include="source\Game\SceneTitle.h">
      <Filter>3. ShootingGame</Filter>
    </ClInclude>
    <ClInclude Include="source\Game\ShootingGame.h">
      <Filter>3. ShootingGame</Filter>
    </ClInclude>
    <ClInclude Include="source\Stage.h">
      <Filter>2. Resource</Filter>
    </ClInclude>
    <ClInclude Include="source\Parser.h">
      <Filter>2. Resource</Filter>
    </ClInclude>
    <ClInclude Include="source\PatternParser.h">
      <Filter>2. Resource</Filter>
    </ClInclude>
    <ClInclude Include="source\ResourceLoader.h">
      <Filter>2. Resource</Filter>
    </ClInclude>
    <ClInclude Include="source\ResourceManager.h">
      <Filter>2. Resource</Filter>
    </ClInclude>
    <ClInclude Include="source\StageParser.h">
      <Filter>2. Resource</Filter>
    </ClInclude>
    <ClInclude Include="source\stdafx.h">
      <Filter>5. Main</Filter>
    </ClInclude>
    <ClInclude Include="Test.h">
      <Filter>2. Resource</Filter>
    </ClInclude>
  </ItemGroup>
</Project>